
Microsoft Visual Studio Solution File, Format Version 12.00
# Visual Studio 15
VisualStudioVersion = 15.0.28010.2046
MinimumVisualStudioVersion = 10.0.40219.1
Project("{FAE04EC0-301F-11D3-BF4B-00C04F79EFBC}") = "EmployeeApp", "EmployeeApp\EmployeeApp.csproj", "{8B31B8AB-4529-43D3-8410-2F87B3AF6B68}"
EndProject
Global
	GlobalSection(SolutionConfigurationPlatforms) = preSolution
		Debug|Any CPU = Debug|Any CPU
		Release|Any CPU = Release|Any CPU
	EndGlobalSection
	GlobalSection(ProjectConfigurationPlatforms) = postSolution
		{8B31B8AB-4529-43D3-8410-2F87B3AF6B68}.Debug|Any CPU.ActiveCfg = Debug|Any CPU
		{8B31B8AB-4529-43D3-8410-2F87B3AF6B68}.Debug|Any CPU.Build.0 = Debug|Any CPU
		{8B31B8AB-4529-43D3-8410-2F87B3AF6B68}.Release|Any CPU.ActiveCfg = Release|Any CPU
		{8B31B8AB-4529-43D3-8410-2F87B3AF6B68}.Release|Any CPU.Build.0 = Release|Any CPU
	EndGlobalSection
	GlobalSection(SolutionProperties) = preSolution
		HideSolutionNode = FALSE
	EndGlobalSection
	GlobalSection(ExtensibilityGlobals) = postSolution
		SolutionGuid = {231D7608-49FE-48B2-8EF1-9A02B73045B4}
	EndGlobalSection
EndGlobal
